
Microsoft Visual Studio Solution File, Format Version 12.00
# Visual Studio Version 17
VisualStudioVersion = 17.3.32929.385
MinimumVisualStudioVersion = 10.0.40219.1
Project("{9A19103F-16F7-4668-BE54-9A1E7A4F7556}") = "API", "API\API.csproj", "{89EB87C7-94B4-4DE6-AF75-F4FC1C50B74C}"
EndProject
Project("{9A19103F-16F7-4668-BE54-9A1E7A4F7556}") = "DataAccess", "DataAccess\DataAccess.csproj", "{5A9B4AC9-416E-48D2-9062-515F1C58864C}"
EndProject
Project("{9A19103F-16F7-4668-BE54-9A1E7A4F7556}") = "Server", "Server\Server.csproj", "{7FB0CE0D-7005-446E-834A-19A9522F9F11}"
EndProject
Project("{9A19103F-16F7-4668-BE54-9A1E7A4F7556}") = "Client", "Client\Client.csproj", "{87B05C35-055A-4ADE-91E1-F984240CB464}"
EndProject
Project("{FAE04EC0-301F-11D3-BF4B-00C04F79EFBC}") = "Models", "Models\Models.csproj", "{C1A7D65A-4576-4170-808A-09136D03B716}"
EndProject
Global
	GlobalSection(SolutionConfigurationPlatforms) = preSolution
		Debug|Any CPU = Debug|Any CPU
		Release|Any CPU = Release|Any CPU
	EndGlobalSection
	GlobalSection(ProjectConfigurationPlatforms) = postSolution
		{89EB87C7-94B4-4DE6-AF75-F4FC1C50B74C}.Debug|Any CPU.ActiveCfg = Debug|Any CPU
		{89EB87C7-94B4-4DE6-AF75-F4FC1C50B74C}.Debug|Any CPU.Build.0 = Debug|Any CPU
		{89EB87C7-94B4-4DE6-AF75-F4FC1C50B74C}.Release|Any CPU.ActiveCfg = Release|Any CPU
		{89EB87C7-94B4-4DE6-AF75-F4FC1C50B74C}.Release|Any CPU.Build.0 = Release|Any CPU
		{5A9B4AC9-416E-48D2-9062-515F1C58864C}.Debug|Any CPU.ActiveCfg = Debug|Any CPU
		{5A9B4AC9-416E-48D2-9062-515F1C58864C}.Debug|Any CPU.Build.0 = Debug|Any CPU
		{5A9B4AC9-416E-48D2-9062-515F1C58864C}.Release|Any CPU.ActiveCfg = Release|Any CPU
		{5A9B4AC9-416E-48D2-9062-515F1C58864C}.Release|Any CPU.Build.0 = Release|Any CPU
		{7FB0CE0D-7005-446E-834A-19A9522F9F11}.Debug|Any CPU.ActiveCfg = Debug|Any CPU
		{7FB0CE0D-7005-446E-834A-19A9522F9F11}.Debug|Any CPU.Build.0 = Debug|Any CPU
		{7FB0CE0D-7005-446E-834A-19A9522F9F11}.Release|Any CPU.ActiveCfg = Release|Any CPU
		{7FB0CE0D-7005-446E-834A-19A9522F9F11}.Release|Any CPU.Build.0 = Release|Any CPU
		{87B05C35-055A-4ADE-91E1-F984240CB464}.Debug|Any CPU.ActiveCfg = Debug|Any CPU
		{87B05C35-055A-4ADE-91E1-F984240CB464}.Debug|Any CPU.Build.0 = Debug|Any CPU
		{87B05C35-055A-4ADE-91E1-F984240CB464}.Release|Any CPU.ActiveCfg = Release|Any CPU
		{87B05C35-055A-4ADE-91E1-F984240CB464}.Release|Any CPU.Build.0 = Release|Any CPU
		{C1A7D65A-4576-4170-808A-09136D03B716}.Debug|Any CPU.ActiveCfg = Debug|Any CPU
		{C1A7D65A-4576-4170-808A-09136D03B716}.Debug|Any CPU.Build.0 = Debug|Any CPU
		{C1A7D65A-4576-4170-808A-09136D03B716}.Release|Any CPU.ActiveCfg = Release|Any CPU
		{C1A7D65A-4576-4170-808A-09136D03B716}.Release|Any CPU.Build.0 = Release|Any CPU
	EndGlobalSection
	GlobalSection(SolutionProperties) = preSolution
		HideSolutionNode = FALSE
	EndGlobalSection
	GlobalSection(ExtensibilityGlobals) = postSolution
		SolutionGuid = {1C33F84D-363D-4184-A130-3B0F751148B5}
	EndGlobalSection
EndGlobal
